
Microsoft Visual Studio Solution File, Format Version 12.00
# Visual Studio Version 16
VisualStudioVersion = 16.0.32413.511
MinimumVisualStudioVersion = 10.0.40219.1
Project("{FAE04EC0-301F-11D3-BF4B-00C04F79EFBC}") = "RPNCalc", "RPNCalc.csproj", "{11B6A9A9-AF5A-46C9-AD7C-3F7F2305E194}"
EndProject
Global
	GlobalSection(SolutionConfigurationPlatforms) = preSolution
		Debug|Any CPU = Debug|Any CPU
		Release|Any CPU = Release|Any CPU
	EndGlobalSection
	GlobalSection(ProjectConfigurationPlatforms) = postSolution
		{11B6A9A9-AF5A-46C9-AD7C-3F7F2305E194}.Debug|Any CPU.ActiveCfg = Debug|Any CPU
		{11B6A9A9-AF5A-46C9-AD7C-3F7F2305E194}.Debug|Any CPU.Build.0 = Debug|Any CPU
		{11B6A9A9-AF5A-46C9-AD7C-3F7F2305E194}.Release|Any CPU.ActiveCfg = Release|Any CPU
		{11B6A9A9-AF5A-46C9-AD7C-3F7F2305E194}.Release|Any CPU.Build.0 = Release|Any CPU
	EndGlobalSection
	GlobalSection(SolutionProperties) = preSolution
		HideSolutionNode = FALSE
	EndGlobalSection
	GlobalSection(ExtensibilityGlobals) = postSolution
		SolutionGuid = {BCB0FF06-DFF8-4471-896A-9BD7387B484C}
	EndGlobalSection
EndGlobal
